
Microsoft Visual Studio Solution File, Format Version 12.00
# Visual Studio 15
VisualStudioVersion = 15.0.27130.2036
MinimumVisualStudioVersion = 10.0.40219.1
Project("{FAE04EC0-301F-11D3-BF4B-00C04F79EFBC}") = "Batch", "Batch\Batch.csproj", "{39315683-E0FC-4648-B96C-C7D733D5C7D4}"
EndProject
Global
	GlobalSection(SolutionConfigurationPlatforms) = preSolution
		Debug|Any CPU = Debug|Any CPU
		Release|Any CPU = Release|Any CPU
	EndGlobalSection
	GlobalSection(ProjectConfigurationPlatforms) = postSolution
		{39315683-E0FC-4648-B96C-C7D733D5C7D4}.Debug|Any CPU.ActiveCfg = Debug|Any CPU
		{39315683-E0FC-4648-B96C-C7D733D5C7D4}.Debug|Any CPU.Build.0 = Debug|Any CPU
		{39315683-E0FC-4648-B96C-C7D733D5C7D4}.Release|Any CPU.ActiveCfg = Release|Any CPU
		{39315683-E0FC-4648-B96C-C7D733D5C7D4}.Release|Any CPU.Build.0 = Release|Any CPU
	EndGlobalSection
	GlobalSection(SolutionProperties) = preSolution
		HideSolutionNode = FALSE
	EndGlobalSection
	GlobalSection(ExtensibilityGlobals) = postSolution
		SolutionGuid = {ADD109B0-0FAB-491D-BB0A-EC28655FB44D}
	EndGlobalSection
EndGlobal
